Microsoft Visual Studio Solution File, Format Version 12.00
# Visual Studio Version 17
VisualStudioVersion = 17.5.2.0
MinimumVisualStudioVersion = 10.0.40219.1
Project("{FAE04EC0-301F-11D3-BF4B-00C04F79EFBC}") = "WeatherForecastDrinks", "weather-forecast-drinks-src/WeatherForecastDrinks.csproj", "{D9CF0962-CD21-4CD9-65BC-7B682EED0FB4}"
EndProject
Project("{FAE04EC0-301F-11D3-BF4B-00C04F79EFBC}") = "WeatherForecastDrinks.Tests", "weather-forecast-drinks-tests/WeatherForecastDrinks.Tests.csproj", "{E2A1F3C4-5B6D-4F8A-9C3D-2E4F5A6B7C8D}"
EndProject
Global
	GlobalSection(SolutionConfigurationPlatforms) = preSolution
		Debug|Any CPU = Debug|Any CPU
		Release|Any CPU = Release|Any CPU
	EndGlobalSection
	GlobalSection(ProjectConfigurationPlatforms) = postSolution
		{D9CF0962-CD21-4CD9-65BC-7B682EED0FB4}.Debug|Any CPU.ActiveCfg = Debug|Any CPU
		{D9CF0962-CD21-4CD9-65BC-7B682EED0FB4}.Debug|Any CPU.Build.0 = Debug|Any CPU
		{D9CF0962-CD21-4CD9-65BC-7B682EED0FB4}.Release|Any CPU.ActiveCfg = Release|Any CPU
		{D9CF0962-CD21-4CD9-65BC-7B682EED0FB4}.Release|Any CPU.Build.0 = Release|Any CPU
		{E2A1F3C4-5B6D-4F8A-9C3D-2E4F5A6B7C8D}.Debug|Any CPU.ActiveCfg = Debug|Any CPU
		{E2A1F3C4-5B6D-4F8A-9C3D-2E4F5A6B7C8D}.Debug|Any CPU.Build.0 = Debug|Any CPU
	EndGlobalSection
	GlobalSection(SolutionProperties) = preSolution
		HideSolutionNode = FALSE
	EndGlobalSection
	GlobalSection(ExtensibilityGlobals) = postSolution
		SolutionGuid = {8FE0A419-2489-445B-84AE-57DC38E734B4}
	EndGlobalSection
EndGlobal
