Microsoft Visual Studio Solution File, Format Version 12.00
# Visual Studio Version 17
VisualStudioVersion = 17.5.2.0
MinimumVisualStudioVersion = 10.0.40219.1
Project("{FAE04EC0-301F-11D3-BF4B-00C04F79EFBC}") = "coffee-order", "coffee-order.csproj", "{C5C31376-F682-F1E0-2BB5-E03D4AA100B3}"
EndProject
Global
	GlobalSection(SolutionConfigurationPlatforms) = preSolution
		Debug|Any CPU = Debug|Any CPU
		Release|Any CPU = Release|Any CPU
	EndGlobalSection
	GlobalSection(ProjectConfigurationPlatforms) = postSolution
		{C5C31376-F682-F1E0-2BB5-E03D4AA100B3}.Debug|Any CPU.ActiveCfg = Debug|Any CPU
		{C5C31376-F682-F1E0-2BB5-E03D4AA100B3}.Debug|Any CPU.Build.0 = Debug|Any CPU
		{C5C31376-F682-F1E0-2BB5-E03D4AA100B3}.Release|Any CPU.ActiveCfg = Release|Any CPU
		{C5C31376-F682-F1E0-2BB5-E03D4AA100B3}.Release|Any CPU.Build.0 = Release|Any CPU
	EndGlobalSection
	GlobalSection(SolutionProperties) = preSolution
		HideSolutionNode = FALSE
	EndGlobalSection
	GlobalSection(ExtensibilityGlobals) = postSolution
		SolutionGuid = {85172140-7259-4736-863C-81CB2F925B1E}
	EndGlobalSection
EndGlobal
